
Microsoft Visual Studio Solution File, Format Version 12.00
# Visual Studio Version 17
VisualStudioVersion = 17.0.31903.59
MinimumVisualStudioVersion = 10.0.40219.1
Project("{FAE04EC0-301F-11D3-BF4B-00C04F79EFBC}") = "Minesweeper", "Minesweeper\Minesweeper.csproj", "{F7C25BA1-DB2A-48C7-820F-7725251F72F9}"
EndProject
Global
	GlobalSection(SolutionConfigurationPlatforms) = preSolution
		Debug|Any CPU = Debug|Any CPU
		Release|Any CPU = Release|Any CPU
	EndGlobalSection
	GlobalSection(ProjectConfigurationPlatforms) = postSolution
		{F7C25BA1-DB2A-48C7-820F-7725251F72F9}.Debug|Any CPU.ActiveCfg = Debug|Any CPU
		{F7C25BA1-DB2A-48C7-820F-7725251F72F9}.Debug|Any CPU.Build.0 = Debug|Any CPU
		{F7C25BA1-DB2A-48C7-820F-7725251F72F9}.Release|Any CPU.ActiveCfg = Release|Any CPU
		{F7C25BA1-DB2A-48C7-820F-7725251F72F9}.Release|Any CPU.Build.0 = Release|Any CPU
	EndGlobalSection
	GlobalSection(SolutionProperties) = preSolution
		HideSolutionNode = FALSE
	EndGlobalSection
	GlobalSection(ExtensibilityGlobals) = postSolution
		SolutionGuid = {A75093DA-2691-420C-B77F-8235F52819ED}
	EndGlobalSection
EndGlobal
